
Microsoft Visual Studio Solution File, Format Version 12.00
# Visual Studio Version 17
VisualStudioVersion = 17.3.32901.215
MinimumVisualStudioVersion = 10.0.40219.1
Project("{FAE04EC0-301F-11D3-BF4B-00C04F79EFBC}") = "FastReportTest", "FastReportTest\FastReportTest.csproj", "{155A3DB4-C36C-4C10-A05D-EA613D90F185}"
EndProject
Global
	GlobalSection(SolutionConfigurationPlatforms) = preSolution
		Debug|Any CPU = Debug|Any CPU
		Release|Any CPU = Release|Any CPU
	EndGlobalSection
	GlobalSection(ProjectConfigurationPlatforms) = postSolution
		{155A3DB4-C36C-4C10-A05D-EA613D90F185}.Debug|Any CPU.ActiveCfg = Debug|Any CPU
		{155A3DB4-C36C-4C10-A05D-EA613D90F185}.Debug|Any CPU.Build.0 = Debug|Any CPU
		{155A3DB4-C36C-4C10-A05D-EA613D90F185}.Release|Any CPU.ActiveCfg = Release|Any CPU
		{155A3DB4-C36C-4C10-A05D-EA613D90F185}.Release|Any CPU.Build.0 = Release|Any CPU
	EndGlobalSection
	GlobalSection(SolutionProperties) = preSolution
		HideSolutionNode = FALSE
	EndGlobalSection
	GlobalSection(ExtensibilityGlobals) = postSolution
		SolutionGuid = {FE8EF600-1818-474F-AA97-A731BCF572FC}
	EndGlobalSection
EndGlobal
